
Microsoft Visual Studio Solution File, Format Version 12.00
# Visual Studio Version 16
VisualStudioVersion = 16.0.28803.352
MinimumVisualStudioVersion = 10.0.40219.1
Project("{2150E333-8FDC-42A3-9474-1A3956D46DE8}") = "Solution Items", "Solution Items", "{9C86CE97-DB6C-4D6B-BB54-CDED4CAB6839}"
	ProjectSection(SolutionItems) = preProject
		.editorconfig = .editorconfig
		Directory.Build.props = Directory.Build.props
		LICENSE = LICENSE
		README.md = README.md
	EndProjectSection
EndProject
Project("{2150E333-8FDC-42A3-9474-1A3956D46DE8}") = "src", "src", "{48FB74A4-C125-4CFB-B9C7-AC395FDD025E}"
EndProject
Project("{2150E333-8FDC-42A3-9474-1A3956D46DE8}") = "test", "test", "{15D590EB-DE20-47E1-98C2-A56CF03DA91D}"
EndProject
Project("{9A19103F-16F7-4668-BE54-9A1E7A4F7556}") = "Libs.Core", "src\Libs.Core\Libs.Core.csproj", "{2A1EF6F0-665D-40CD-AEA0-940E4142E8CF}"
EndProject
Project("{9A19103F-16F7-4668-BE54-9A1E7A4F7556}") = "Libs.Test.Abstractions", "test\Libs.Test.Common\Libs.Test.Abstractions.csproj", "{97B1F18F-E127-4ABA-ABBA-9E50C407FD8E}"
EndProject
Project("{2150E333-8FDC-42A3-9474-1A3956D46DE8}") = "Storage", "Storage", "{5E9157BA-4DE8-4025-90C7-5D86A7896EB6}"
EndProject
Project("{9A19103F-16F7-4668-BE54-9A1E7A4F7556}") = "Libs.Storage", "src\Libs.Storage\Libs.Storage.csproj", "{A569E852-33E0-4F95-9E54-104FCB1EEC47}"
EndProject
Project("{2150E333-8FDC-42A3-9474-1A3956D46DE8}") = "Hosting", "Hosting", "{D56AFE57-2A51-44B2-A62E-31F8B37428D3}"
EndProject
Project("{FAE04EC0-301F-11D3-BF4B-00C04F79EFBC}") = "Libs.Hosting", "src\Libs.Hosting\Libs.Hosting.csproj", "{CAB83B50-B16D-4972-BD66-95D194E942B7}"
EndProject
Project("{2150E333-8FDC-42A3-9474-1A3956D46DE8}") = "IO", "IO", "{04A63408-20F7-479F-9024-DBCD0BD805C2}"
EndProject
Project("{9A19103F-16F7-4668-BE54-9A1E7A4F7556}") = "Libs.IO", "src\Libs.IO\Libs.IO.csproj", "{E34CA133-A7A3-4B5D-9176-734E4B3B7167}"
EndProject
Project("{FAE04EC0-301F-11D3-BF4B-00C04F79EFBC}") = "Libs.Storage.Bulk", "src\Libs.Storage.Bulk\Libs.Storage.Bulk.csproj", "{2CF952C8-236E-467B-9CCB-C96FD2118077}"
EndProject
Project("{2150E333-8FDC-42A3-9474-1A3956D46DE8}") = "Utils", "Utils", "{0D622F98-AEC3-4A94-A03C-F4011B0E9BEC}"
EndProject
Project("{9A19103F-16F7-4668-BE54-9A1E7A4F7556}") = "Libs.Utils", "src\Libs.Utils\Libs.Utils.csproj", "{0341EDAE-BD48-40B9-9397-C139808E5578}"
EndProject
Global
	GlobalSection(SolutionConfigurationPlatforms) = preSolution
		Debug|Any CPU = Debug|Any CPU
		Release|Any CPU = Release|Any CPU
	EndGlobalSection
	GlobalSection(ProjectConfigurationPlatforms) = postSolution
		{2A1EF6F0-665D-40CD-AEA0-940E4142E8CF}.Debug|Any CPU.ActiveCfg = Debug|Any CPU
		{2A1EF6F0-665D-40CD-AEA0-940E4142E8CF}.Debug|Any CPU.Build.0 = Debug|Any CPU
		{2A1EF6F0-665D-40CD-AEA0-940E4142E8CF}.Release|Any CPU.ActiveCfg = Release|Any CPU
		{2A1EF6F0-665D-40CD-AEA0-940E4142E8CF}.Release|Any CPU.Build.0 = Release|Any CPU
		{97B1F18F-E127-4ABA-ABBA-9E50C407FD8E}.Debug|Any CPU.ActiveCfg = Debug|Any CPU
		{97B1F18F-E127-4ABA-ABBA-9E50C407FD8E}.Debug|Any CPU.Build.0 = Debug|Any CPU
		{97B1F18F-E127-4ABA-ABBA-9E50C407FD8E}.Release|Any CPU.ActiveCfg = Release|Any CPU
		{97B1F18F-E127-4ABA-ABBA-9E50C407FD8E}.Release|Any CPU.Build.0 = Release|Any CPU
		{A569E852-33E0-4F95-9E54-104FCB1EEC47}.Debug|Any CPU.ActiveCfg = Debug|Any CPU
		{A569E852-33E0-4F95-9E54-104FCB1EEC47}.Debug|Any CPU.Build.0 = Debug|Any CPU
		{A569E852-33E0-4F95-9E54-104FCB1EEC47}.Release|Any CPU.ActiveCfg = Release|Any CPU
		{A569E852-33E0-4F95-9E54-104FCB1EEC47}.Release|Any CPU.Build.0 = Release|Any CPU
		{CAB83B50-B16D-4972-BD66-95D194E942B7}.Debug|Any CPU.ActiveCfg = Debug|Any CPU
		{CAB83B50-B16D-4972-BD66-95D194E942B7}.Debug|Any CPU.Build.0 = Debug|Any CPU
		{CAB83B50-B16D-4972-BD66-95D194E942B7}.Release|Any CPU.ActiveCfg = Release|Any CPU
		{CAB83B50-B16D-4972-BD66-95D194E942B7}.Release|Any CPU.Build.0 = Release|Any CPU
		{E34CA133-A7A3-4B5D-9176-734E4B3B7167}.Debug|Any CPU.ActiveCfg = Debug|Any CPU
		{E34CA133-A7A3-4B5D-9176-734E4B3B7167}.Debug|Any CPU.Build.0 = Debug|Any CPU
		{E34CA133-A7A3-4B5D-9176-734E4B3B7167}.Release|Any CPU.ActiveCfg = Release|Any CPU
		{E34CA133-A7A3-4B5D-9176-734E4B3B7167}.Release|Any CPU.Build.0 = Release|Any CPU
		{2CF952C8-236E-467B-9CCB-C96FD2118077}.Debug|Any CPU.ActiveCfg = Debug|Any CPU
		{2CF952C8-236E-467B-9CCB-C96FD2118077}.Debug|Any CPU.Build.0 = Debug|Any CPU
		{2CF952C8-236E-467B-9CCB-C96FD2118077}.Release|Any CPU.ActiveCfg = Release|Any CPU
		{2CF952C8-236E-467B-9CCB-C96FD2118077}.Release|Any CPU.Build.0 = Release|Any CPU
		{0341EDAE-BD48-40B9-9397-C139808E5578}.Debug|Any CPU.ActiveCfg = Debug|Any CPU
		{0341EDAE-BD48-40B9-9397-C139808E5578}.Debug|Any CPU.Build.0 = Debug|Any CPU
		{0341EDAE-BD48-40B9-9397-C139808E5578}.Release|Any CPU.ActiveCfg = Release|Any CPU
		{0341EDAE-BD48-40B9-9397-C139808E5578}.Release|Any CPU.Build.0 = Release|Any CPU
	EndGlobalSection
	GlobalSection(SolutionProperties) = preSolution
		HideSolutionNode = FALSE
	EndGlobalSection
	GlobalSection(NestedProjects) = preSolution
		{2A1EF6F0-665D-40CD-AEA0-940E4142E8CF} = {48FB74A4-C125-4CFB-B9C7-AC395FDD025E}
		{97B1F18F-E127-4ABA-ABBA-9E50C407FD8E} = {15D590EB-DE20-47E1-98C2-A56CF03DA91D}
		{5E9157BA-4DE8-4025-90C7-5D86A7896EB6} = {48FB74A4-C125-4CFB-B9C7-AC395FDD025E}
		{A569E852-33E0-4F95-9E54-104FCB1EEC47} = {5E9157BA-4DE8-4025-90C7-5D86A7896EB6}
		{D56AFE57-2A51-44B2-A62E-31F8B37428D3} = {48FB74A4-C125-4CFB-B9C7-AC395FDD025E}
		{CAB83B50-B16D-4972-BD66-95D194E942B7} = {D56AFE57-2A51-44B2-A62E-31F8B37428D3}
		{04A63408-20F7-479F-9024-DBCD0BD805C2} = {48FB74A4-C125-4CFB-B9C7-AC395FDD025E}
		{E34CA133-A7A3-4B5D-9176-734E4B3B7167} = {04A63408-20F7-479F-9024-DBCD0BD805C2}
		{2CF952C8-236E-467B-9CCB-C96FD2118077} = {5E9157BA-4DE8-4025-90C7-5D86A7896EB6}
		{0D622F98-AEC3-4A94-A03C-F4011B0E9BEC} = {48FB74A4-C125-4CFB-B9C7-AC395FDD025E}
		{0341EDAE-BD48-40B9-9397-C139808E5578} = {0D622F98-AEC3-4A94-A03C-F4011B0E9BEC}
	EndGlobalSection
	GlobalSection(ExtensibilityGlobals) = postSolution
		SolutionGuid = {B19FE532-2F82-4D50-929F-C59B4E4A2539}
	EndGlobalSection
EndGlobal
